{
  "requires": true,
  "lockfileVersion": 1,
  "dependencies": {
    "@types/googlemaps": {
      "version": "3.43.0",
      "resolved": "https://registry.npmjs.org/@types/googlemaps/-/googlemaps-3.43.0.tgz",
      "integrity": "sha512-4k6N1LKTmwHEG6zKNMfINqQS08jd3wYdmlBRfJpcKqUYC9A9uXzuO3irV6muI+PWg1DRAjlBuLfrQTmHNjzlGA=="
    }
  }
}
